
Microsoft Visual Studio Solution File, Format Version 12.00
# Visual Studio 2017
Project("{FAE04EC0-301F-11D3-BF4B-00C04F79EFBC}") = "Test!", "Test!.csproj", "{6AA2044E-04EC-825F-564B-A52D16915A7B}"
EndProject
Project("{FAE04EC0-301F-11D3-BF4B-00C04F79EFBC}") = "Test!.Plugins", "Test!.Plugins.csproj", "{0216F6C1-6715-C162-484F-9E97A314D053}"
EndProject
Project("{FAE04EC0-301F-11D3-BF4B-00C04F79EFBC}") = "Test!.Editor.Plugins", "Test!.Editor.Plugins.csproj", "{AED41092-1570-8FA6-F9A4-9850565BBCC4}"
EndProject
Global
	GlobalSection(SolutionConfigurationPlatforms) = preSolution
		Debug|Any CPU = Debug|Any CPU
		Release|Any CPU = Release|Any CPU
	EndGlobalSection
	GlobalSection(ProjectConfigurationPlatforms) = postSolution
		{6AA2044E-04EC-825F-564B-A52D16915A7B}.Debug|Any CPU.ActiveCfg = Debug|Any CPU
		{6AA2044E-04EC-825F-564B-A52D16915A7B}.Debug|Any CPU.Build.0 = Debug|Any CPU
		{6AA2044E-04EC-825F-564B-A52D16915A7B}.Release|Any CPU.ActiveCfg = Release|Any CPU
		{6AA2044E-04EC-825F-564B-A52D16915A7B}.Release|Any CPU.Build.0 = Release|Any CPU
		{0216F6C1-6715-C162-484F-9E97A314D053}.Debug|Any CPU.ActiveCfg = Debug|Any CPU
		{0216F6C1-6715-C162-484F-9E97A314D053}.Debug|Any CPU.Build.0 = Debug|Any CPU
		{0216F6C1-6715-C162-484F-9E97A314D053}.Release|Any CPU.ActiveCfg = Release|Any CPU
		{0216F6C1-6715-C162-484F-9E97A314D053}.Release|Any CPU.Build.0 = Release|Any CPU
		{AED41092-1570-8FA6-F9A4-9850565BBCC4}.Debug|Any CPU.ActiveCfg = Debug|Any CPU
		{AED41092-1570-8FA6-F9A4-9850565BBCC4}.Debug|Any CPU.Build.0 = Debug|Any CPU
		{AED41092-1570-8FA6-F9A4-9850565BBCC4}.Release|Any CPU.ActiveCfg = Release|Any CPU
		{AED41092-1570-8FA6-F9A4-9850565BBCC4}.Release|Any CPU.Build.0 = Release|Any CPU
	EndGlobalSection
	GlobalSection(SolutionProperties) = preSolution
		HideSolutionNode = FALSE
	EndGlobalSection
EndGlobal
